
Microsoft Visual Studio Solution File, Format Version 12.00
# Visual Studio Version 16
VisualStudioVersion = 16.0.31729.503
MinimumVisualStudioVersion = 10.0.40219.1
Project("{FAE04EC0-301F-11D3-BF4B-00C04F79EFBC}") = "DsFootAmericainTest", "DsFootAmericainTest\DsFootAmericainTest.csproj", "{24DAD1EB-0517-4BF4-8A64-BB06309D0E3B}"
EndProject
Project("{FAE04EC0-301F-11D3-BF4B-00C04F79EFBC}") = "Model", "Model\Model.csproj", "{20F0F65A-8FF5-4CC7-8854-F4EF869CD8AD}"
EndProject
Global
	GlobalSection(SolutionConfigurationPlatforms) = preSolution
		Debug|Any CPU = Debug|Any CPU
		Release|Any CPU = Release|Any CPU
	EndGlobalSection
	GlobalSection(ProjectConfigurationPlatforms) = postSolution
		{24DAD1EB-0517-4BF4-8A64-BB06309D0E3B}.Debug|Any CPU.ActiveCfg = Debug|Any CPU
		{24DAD1EB-0517-4BF4-8A64-BB06309D0E3B}.Debug|Any CPU.Build.0 = Debug|Any CPU
		{24DAD1EB-0517-4BF4-8A64-BB06309D0E3B}.Release|Any CPU.ActiveCfg = Release|Any CPU
		{24DAD1EB-0517-4BF4-8A64-BB06309D0E3B}.Release|Any CPU.Build.0 = Release|Any CPU
		{20F0F65A-8FF5-4CC7-8854-F4EF869CD8AD}.Debug|Any CPU.ActiveCfg = Debug|Any CPU
		{20F0F65A-8FF5-4CC7-8854-F4EF869CD8AD}.Debug|Any CPU.Build.0 = Debug|Any CPU
		{20F0F65A-8FF5-4CC7-8854-F4EF869CD8AD}.Release|Any CPU.ActiveCfg = Release|Any CPU
		{20F0F65A-8FF5-4CC7-8854-F4EF869CD8AD}.Release|Any CPU.Build.0 = Release|Any CPU
	EndGlobalSection
	GlobalSection(SolutionProperties) = preSolution
		HideSolutionNode = FALSE
	EndGlobalSection
	GlobalSection(ExtensibilityGlobals) = postSolution
		SolutionGuid = {41C6E0E0-1B1C-428C-952B-178617B8DAFF}
	EndGlobalSection
EndGlobal
